
Microsoft Visual Studio Solution File, Format Version 12.00
# Visual Studio Version 17
VisualStudioVersion = 17.14.37411.7 d17.14
MinimumVisualStudioVersion = 10.0.40219.1
Project("{FAE04EC0-301F-11D3-BF4B-00C04F79EFBC}") = "PetShopForms", "PetShopForms\PetShopForms.csproj", "{1162DEBF-C36D-4C52-B9EB-1E3517BEEB90}"
EndProject
Global
	GlobalSection(SolutionConfigurationPlatforms) = preSolution
		Debug|Any CPU = Debug|Any CPU
		Release|Any CPU = Release|Any CPU
	EndGlobalSection
	GlobalSection(ProjectConfigurationPlatforms) = postSolution
		{1162DEBF-C36D-4C52-B9EB-1E3517BEEB90}.Debug|Any CPU.ActiveCfg = Debug|Any CPU
		{1162DEBF-C36D-4C52-B9EB-1E3517BEEB90}.Debug|Any CPU.Build.0 = Debug|Any CPU
		{1162DEBF-C36D-4C52-B9EB-1E3517BEEB90}.Release|Any CPU.ActiveCfg = Release|Any CPU
		{1162DEBF-C36D-4C52-B9EB-1E3517BEEB90}.Release|Any CPU.Build.0 = Release|Any CPU
	EndGlobalSection
	GlobalSection(SolutionProperties) = preSolution
		HideSolutionNode = FALSE
	EndGlobalSection
	GlobalSection(ExtensibilityGlobals) = postSolution
		SolutionGuid = {982BE194-5A64-41C2-A6CD-7C6F978AC9AB}
	EndGlobalSection
EndGlobal
