
Microsoft Visual Studio Solution File, Format Version 12.00
# Visual Studio Version 17
VisualStudioVersion = 17.14.37411.7 d17.14
MinimumVisualStudioVersion = 10.0.40219.1
Project("{FAE04EC0-301F-11D3-BF4B-00C04F79EFBC}") = "Lista_06", "Lista_06\Lista_06.csproj", "{3FBFD42B-929B-4AEB-B63C-1C1EF6703A7A}"
EndProject
Global
	GlobalSection(SolutionConfigurationPlatforms) = preSolution
		Debug|Any CPU = Debug|Any CPU
		Release|Any CPU = Release|Any CPU
	EndGlobalSection
	GlobalSection(ProjectConfigurationPlatforms) = postSolution
		{3FBFD42B-929B-4AEB-B63C-1C1EF6703A7A}.Debug|Any CPU.ActiveCfg = Debug|Any CPU
		{3FBFD42B-929B-4AEB-B63C-1C1EF6703A7A}.Debug|Any CPU.Build.0 = Debug|Any CPU
		{3FBFD42B-929B-4AEB-B63C-1C1EF6703A7A}.Release|Any CPU.ActiveCfg = Release|Any CPU
		{3FBFD42B-929B-4AEB-B63C-1C1EF6703A7A}.Release|Any CPU.Build.0 = Release|Any CPU
	EndGlobalSection
	GlobalSection(SolutionProperties) = preSolution
		HideSolutionNode = FALSE
	EndGlobalSection
	GlobalSection(ExtensibilityGlobals) = postSolution
		SolutionGuid = {15C1C4A2-EE4C-44C9-AF79-ABB5E20DC0AA}
	EndGlobalSection
EndGlobal
